
Microsoft Visual Studio Solution File, Format Version 12.00
# Visual Studio Version 16
VisualStudioVersion = 16.0.30330.147
MinimumVisualStudioVersion = 10.0.40219.1
Project("{FAE04EC0-301F-11D3-BF4B-00C04F79EFBC}") = "ZenTimings", "ZenTimings.csproj", "{69D27E70-6B45-4E0F-B0A4-A53C3625B732}"
EndProject
Global
	GlobalSection(SolutionConfigurationPlatforms) = preSolution
		Debug|Any CPU = Debug|Any CPU
		Release|Any CPU = Release|Any CPU
	EndGlobalSection
	GlobalSection(ProjectConfigurationPlatforms) = postSolution
		{69D27E70-6B45-4E0F-B0A4-A53C3625B732}.Debug|Any CPU.ActiveCfg = Debug|Any CPU
		{69D27E70-6B45-4E0F-B0A4-A53C3625B732}.Debug|Any CPU.Build.0 = Debug|Any CPU
		{69D27E70-6B45-4E0F-B0A4-A53C3625B732}.Release|Any CPU.ActiveCfg = Release|Any CPU
		{69D27E70-6B45-4E0F-B0A4-A53C3625B732}.Release|Any CPU.Build.0 = Release|Any CPU
	EndGlobalSection
	GlobalSection(SolutionProperties) = preSolution
		HideSolutionNode = FALSE
	EndGlobalSection
	GlobalSection(ExtensibilityGlobals) = postSolution
		SolutionGuid = {F0D7CE95-D8A7-4163-9518-CC84378E37EB}
	EndGlobalSection
EndGlobal
