
Microsoft Visual Studio Solution File, Format Version 12.00
# Visual Studio Version 16
VisualStudioVersion = 16.0.29709.97
MinimumVisualStudioVersion = 10.0.40219.1
Project("{FAE04EC0-301F-11D3-BF4B-00C04F79EFBC}") = "ZenTimings", "ZenTimings.csproj", "{EBBE5285-83E1-4B84-8388-6DC13C51333F}"
EndProject
Global
	GlobalSection(SolutionConfigurationPlatforms) = preSolution
		Debug|Any CPU = Debug|Any CPU
		Release|Any CPU = Release|Any CPU
	EndGlobalSection
	GlobalSection(ProjectConfigurationPlatforms) = postSolution
		{EBBE5285-83E1-4B84-8388-6DC13C51333F}.Debug|Any CPU.ActiveCfg = Debug|Any CPU
		{EBBE5285-83E1-4B84-8388-6DC13C51333F}.Debug|Any CPU.Build.0 = Debug|Any CPU
		{EBBE5285-83E1-4B84-8388-6DC13C51333F}.Release|Any CPU.ActiveCfg = Release|Any CPU
		{EBBE5285-83E1-4B84-8388-6DC13C51333F}.Release|Any CPU.Build.0 = Release|Any CPU
	EndGlobalSection
	GlobalSection(SolutionProperties) = preSolution
		HideSolutionNode = FALSE
	EndGlobalSection
	GlobalSection(ExtensibilityGlobals) = postSolution
		SolutionGuid = {9233A599-9AB4-4A0E-8846-BFB59677BDEF}
	EndGlobalSection
EndGlobal
