
Microsoft Visual Studio Solution File, Format Version 12.00
# Visual Studio Version 16
VisualStudioVersion = 16.0.30330.147
MinimumVisualStudioVersion = 10.0.40219.1
Project("{FAE04EC0-301F-11D3-BF4B-00C04F79EFBC}") = "Common", "Common.csproj", "{39C55831-97A2-498D-A9DD-27BF677E579A}"
EndProject
Global
	GlobalSection(SolutionConfigurationPlatforms) = preSolution
		Debug|Any CPU = Debug|Any CPU
		Release|Any CPU = Release|Any CPU
	EndGlobalSection
	GlobalSection(ProjectConfigurationPlatforms) = postSolution
		{39C55831-97A2-498D-A9DD-27BF677E579A}.Debug|Any CPU.ActiveCfg = Debug|Any CPU
		{39C55831-97A2-498D-A9DD-27BF677E579A}.Debug|Any CPU.Build.0 = Debug|Any CPU
		{39C55831-97A2-498D-A9DD-27BF677E579A}.Release|Any CPU.ActiveCfg = Release|Any CPU
		{39C55831-97A2-498D-A9DD-27BF677E579A}.Release|Any CPU.Build.0 = Release|Any CPU
	EndGlobalSection
	GlobalSection(SolutionProperties) = preSolution
		HideSolutionNode = FALSE
	EndGlobalSection
	GlobalSection(ExtensibilityGlobals) = postSolution
		SolutionGuid = {05DA2A8A-66D5-400C-B9CC-26CBBC9B2234}
	EndGlobalSection
EndGlobal
